{
  "name": "typescript",
  "version": "1.0.0",
  "lockfileVersion": 1,
  "requires": true,
  "dependencies": {
    "@sigi/di": {
      "version": "2.4.4",
      "resolved": "https://registry.npmjs.org/@sigi/di/-/di-2.4.4.tgz",
      "integrity": "sha512-dl/OJA66+Wu7yNi2Ap+94BZtKqIHEZ7pjUeVSc7Xvluw+6zLVuTsfHSDV+jw5xz5Fx0S2sRikpIuHzTGKWrvMA=="
    },
    "inversify": {
      "version": "5.0.5",
      "resolved": "https://registry.npmjs.org/inversify/-/inversify-5.0.5.tgz",
      "integrity": "sha512-60QsfPz8NAU/GZqXu8hJ+BhNf/C/c+Hp0eDc6XMIJTxBiP36AQyyQKpBkOVTLWBFDQWYVHpbbEuIsHu9dLuJDA=="
    },
    "reflect-metadata": {
      "version": "0.1.13",
      "resolved": "https://registry.npmjs.org/reflect-metadata/-/reflect-metadata-0.1.13.tgz",
      "integrity": "sha512-Ts1Y/anZELhSsjMcU605fU9RE4Oi3p5ORujwbIKXfWa+0Zxs510Qrmrce5/Jowq3cHSZSJqBjypxmHarc+vEWg=="
    }
  }
}
